
Microsoft Visual Studio Solution File, Format Version 12.00
# Visual Studio Version 16
VisualStudioVersion = 16.0.29418.71
MinimumVisualStudioVersion = 10.0.40219.1
Project("{9A19103F-16F7-4668-BE54-9A1E7A4F7556}") = "HadesEditor", "HadesEditor\HadesEditor.csproj", "{359AC607-CD79-4C39-BD84-FA17B75CCB24}"
EndProject
Project("{FAE04EC0-301F-11D3-BF4B-00C04F79EFBC}") = "HadesEditor.UI", "HadesEditor.UI\HadesEditor.UI.csproj", "{49F880E9-8F30-4EF3-B6FE-094FE496DC56}"
EndProject
Global
	GlobalSection(SolutionConfigurationPlatforms) = preSolution
		Debug|Any CPU = Debug|Any CPU
		Release|Any CPU = Release|Any CPU
	EndGlobalSection
	GlobalSection(ProjectConfigurationPlatforms) = postSolution
		{359AC607-CD79-4C39-BD84-FA17B75CCB24}.Debug|Any CPU.ActiveCfg = Debug|Any CPU
		{359AC607-CD79-4C39-BD84-FA17B75CCB24}.Debug|Any CPU.Build.0 = Debug|Any CPU
		{359AC607-CD79-4C39-BD84-FA17B75CCB24}.Release|Any CPU.ActiveCfg = Release|Any CPU
		{359AC607-CD79-4C39-BD84-FA17B75CCB24}.Release|Any CPU.Build.0 = Release|Any CPU
		{49F880E9-8F30-4EF3-B6FE-094FE496DC56}.Debug|Any CPU.ActiveCfg = Debug|Any CPU
		{49F880E9-8F30-4EF3-B6FE-094FE496DC56}.Debug|Any CPU.Build.0 = Debug|Any CPU
		{49F880E9-8F30-4EF3-B6FE-094FE496DC56}.Release|Any CPU.ActiveCfg = Release|Any CPU
		{49F880E9-8F30-4EF3-B6FE-094FE496DC56}.Release|Any CPU.Build.0 = Release|Any CPU
	EndGlobalSection
	GlobalSection(SolutionProperties) = preSolution
		HideSolutionNode = FALSE
	EndGlobalSection
	GlobalSection(ExtensibilityGlobals) = postSolution
		SolutionGuid = {E61BA725-6542-4032-A90E-18646918847C}
	EndGlobalSection
EndGlobal
